<Solution>
  <Project Path="T1_ThreadPool/T1_ThreadPool.csproj" />
  <Project Path="T2_ThreadPool2/T2_ThreadPool2.csproj" />
  <Project Path="T3_ReturnValues/T3_ReturnValues.csproj" Id="7cde7519-87b9-4306-9842-f4a866df4066" />
  <Project Path="Tasks1_Exceptions/Tasks1_Exceptions.csproj" Id="6f10565c-d668-4b19-a5d9-5606079fc979" />
</Solution>
