<Solution>
  <Project Path="T1_LockingSharedField/T1_SharedField.csproj" />
  <Project Path="T2_InstanceSharedField/T2_InstanceSharedField.csproj" />
  <Project Path="T3_StaticSharedField/T3_StaticSharedField.csproj" />
  <Project Path="T4_LongRunningTask/T4_LongRunningTask.csproj" />
  <Project Path="T5_PrimeFinderApp/T5_PrimeFinderApp.csproj" />
  <Project Path="T6_PrimeContinuationTask/T6_PrimeContinuationTask.csproj" />
</Solution>
