<Solution>
  <Project Path="BoolAndOrOperatorsAndNull/BoolAndOrOperatorsAndNull.csproj" Id="72bf66ff-ddba-420d-adc0-aebd968925d1" />
  <Project Path="EnumIterApp1/EnumIterApp1.csproj" />
  <Project Path="GCAllocatedBytesApp1/GCAllocatedBytesApp1.csproj" Id="1405b1bd-f210-462a-b314-3742a10d6356" />
  <Project Path="NullableRefTypesApp/NullableRefTypesApp.csproj" Id="8ccfe9a1-01d3-49f4-a8e4-b35afde12f7f" />
  <Project Path="Nullables/Nullables.csproj" Id="5a0ecffe-725d-4b92-a3ca-d90b3ca32776" />
  <Project Path="Nullables2/Nullables2.csproj" Id="112cb6b5-b811-4b0e-9433-12220c5c6347" />
  <Project Path="NullOperatorsApp/NullOperatorsApp.csproj" Id="f9f220b1-455e-4d9f-8bb5-b76cb8687ca1" />
  <Project Path="OperatingLifting/OperatingLifting.csproj" Id="ca0943ee-e212-470a-af9c-86567d61174d" />
  <Project Path="ReadTradesIEnumerable/ReadTradesIEnumerable.csproj" />
</Solution>
