<Solution>
  <Project Path="ITransformerApp2/ITransformerApp2.csproj" Id="c8d20807-1dd1-4680-8e79-d7fc909028be" />
  <Project Path="LearningByteAlignment/LearningByteAlignment.csproj" Id="1fa204ea-4ab9-46ba-ae42-3e35c4820366" />
  <Project Path="MusicApp/MusicApp.csproj" Id="ace3b091-c0be-483f-af67-3248ff988a63" />
  <Project Path="MusicApp2/MusicApp2.csproj" Id="6076b372-9918-469e-b564-6fb889a18913" />
  <Project Path="WhyDelegates/WhyDelegates.csproj" Id="f8f6098d-4aeb-49da-83ee-331fc1243e86" />
</Solution>
