<Solution>
  <Project Path="BoxApp2/BoxApp2.csproj" />
  <Project Path="BoxingApp1/BoxingApp1.csproj" />
  <Project Path="ExplicitInterfaceImpApp1/ExplicitInterfaceImpApp1.csproj" Id="ee45f3e3-44dd-4d69-b922-349e71ee809b" />
  <Project Path="GetTypeMethodTypeOfOperator/GetTypeMethodTypeOfOperator.csproj" />
  <Project Path="IntApp1/IntApp1.csproj" />
  <Project Path="InterfaceApp1/InterfaceApp1.csproj" Id="a0f36926-cf5f-4b79-8d57-4b1d2b181cdf" />
  <Project Path="InterfaceApp2/InterfaceApp2.csproj" Id="d394e48f-694b-47c4-bbd8-dc725562a6f7" />
  <Project Path="InterfaceExtendingProj/InterfaceExtendingProj.csproj" Id="2541fbb5-aa22-42a9-a92c-5f411e72c293" />
  <Project Path="MyLibWPubITFAndInternalCls/MyLibWPubITFAndInternalCls.csproj" Id="c3a14551-f731-4aae-8379-58b58b2a7b4d" />
</Solution>
