<Solution>
  <Project Path="DelegatesReview/DelegatesReview.csproj" />
  <Project Path="T1_SharedStateApp1/T1_SharedStateApp1.csproj" />
  <Project Path="T2_SharedState_LambdaExpApp/T2_SharedState_LambdaExpApp.csproj" />
  <Project Path="T3_SharedField/T3_SharedInstanceField.csproj" Id="ada26d4c-5328-449e-bdc6-ca6a45589e64" />
  <Project Path="T4_SharedStaticField/T4_SharedStaticField.csproj" Id="d52e2536-ac04-4649-a226-be36bd312a1a" />
  <Project Path="T5_ThreadSafe/T5_ThreadSafe.csproj" Id="e2b5eaf5-a1c8-4738-9bd8-140dc69b9722" />
</Solution>
